
Microsoft Visual Studio Solution File, Format Version 11.00
# Visual Studio 2010
Project("{E24C65DC-7377-472B-9ABA-BC803B73C61A}") = "GoogleAPI", ".", "{4DC344E2-3608-4E29-B70E-74A592E8D62B}"
	ProjectSection(WebsiteProperties) = preProject
		TargetFrameworkMoniker = ".NETFramework,Version%3Dv4.0"
		Debug.AspNetCompiler.VirtualPath = "/GoogleAPI"
		Debug.AspNetCompiler.PhysicalPath = "..\..\..\..\Desktop\ASP.NET\GoogleAPI\"
		Debug.AspNetCompiler.TargetPath = "PrecompiledWeb\GoogleAPI\"
		Debug.AspNetCompiler.Updateable = "true"
		Debug.AspNetCompiler.ForceOverwrite = "true"
		Debug.AspNetCompiler.FixedNames = "false"
		Debug.AspNetCompiler.Debug = "True"
		Release.AspNetCompiler.VirtualPath = "/GoogleAPI"
		Release.AspNetCompiler.PhysicalPath = "..\..\..\..\Desktop\ASP.NET\GoogleAPI\"
		Release.AspNetCompiler.TargetPath = "PrecompiledWeb\GoogleAPI\"
		Release.AspNetCompiler.Updateable = "true"
		Release.AspNetCompiler.ForceOverwrite = "true"
		Release.AspNetCompiler.FixedNames = "false"
		Release.AspNetCompiler.Debug = "False"
		VWDPort = "5538"
	EndProjectSection
EndProject
Global
	GlobalSection(SolutionConfigurationPlatforms) = preSolution
		Debug|Any CPU = Debug|Any CPU
	EndGlobalSection
	GlobalSection(ProjectConfigurationPlatforms) = postSolution
		{4DC344E2-3608-4E29-B70E-74A592E8D62B}.Debug|Any CPU.ActiveCfg = Debug|Any CPU
		{4DC344E2-3608-4E29-B70E-74A592E8D62B}.Debug|Any CPU.Build.0 = Debug|Any CPU
	EndGlobalSection
	GlobalSection(SolutionProperties) = preSolution
		HideSolutionNode = FALSE
	EndGlobalSection
EndGlobal
